
Microsoft Visual Studio Solution File, Format Version 12.00
# Visual Studio Version 17
VisualStudioVersion = 17.11.35303.130
MinimumVisualStudioVersion = 10.0.40219.1
Project("{FAE04EC0-301F-11D3-BF4B-00C04F79EFBC}") = "AutomationTestsBDD", "AutomationTestsBDD\AutomationTestsBDD.csproj", "{1FE8799E-4E64-4472-A275-18EFE7454C84}"
EndProject
Global
	GlobalSection(SolutionConfigurationPlatforms) = preSolution
		Debug|Any CPU = Debug|Any CPU
		Release|Any CPU = Release|Any CPU
	EndGlobalSection
	GlobalSection(ProjectConfigurationPlatforms) = postSolution
		{1FE8799E-4E64-4472-A275-18EFE7454C84}.Debug|Any CPU.ActiveCfg = Debug|Any CPU
		{1FE8799E-4E64-4472-A275-18EFE7454C84}.Debug|Any CPU.Build.0 = Debug|Any CPU
		{1FE8799E-4E64-4472-A275-18EFE7454C84}.Release|Any CPU.ActiveCfg = Release|Any CPU
		{1FE8799E-4E64-4472-A275-18EFE7454C84}.Release|Any CPU.Build.0 = Release|Any CPU
	EndGlobalSection
	GlobalSection(SolutionProperties) = preSolution
		HideSolutionNode = FALSE
	EndGlobalSection
	GlobalSection(ExtensibilityGlobals) = postSolution
		SolutionGuid = {20F245F9-26C6-40CF-8C5F-E59CA74FC5D6}
	EndGlobalSection
EndGlobal
